
Microsoft Visual Studio Solution File, Format Version 12.00
# Visual Studio 15
VisualStudioVersion = 15.0.26124.0
MinimumVisualStudioVersion = 15.0.26124.0
Project("{FAE04EC0-301F-11D3-BF4B-00C04F79EFBC}") = "ProAgil.WebApi", "ProAgil.WebApi\ProAgil.WebApi.csproj", "{5B5DFD21-3BF6-4897-A625-1DDF5E8A3FC2}"
EndProject
Project("{FAE04EC0-301F-11D3-BF4B-00C04F79EFBC}") = "ProAgil.Domain", "ProAgil.Domain\ProAgil.Domain.csproj", "{5D35615A-1322-4375-B412-6C6023A6D2CD}"
EndProject
Project("{FAE04EC0-301F-11D3-BF4B-00C04F79EFBC}") = "ProAgil.Repository", "ProAgil.Repository\ProAgil.Repository.csproj", "{11F35939-1D1F-4B37-9A20-1DFD13ED93E6}"
EndProject
Global
	GlobalSection(SolutionConfigurationPlatforms) = preSolution
		Debug|Any CPU = Debug|Any CPU
		Debug|x64 = Debug|x64
		Debug|x86 = Debug|x86
		Release|Any CPU = Release|Any CPU
		Release|x64 = Release|x64
		Release|x86 = Release|x86
	EndGlobalSection
	GlobalSection(SolutionProperties) = preSolution
		HideSolutionNode = FALSE
	EndGlobalSection
	GlobalSection(ProjectConfigurationPlatforms) = postSolution
		{5D35615A-1322-4375-B412-6C6023A6D2CD}.Debug|Any CPU.ActiveCfg = Debug|Any CPU
		{5D35615A-1322-4375-B412-6C6023A6D2CD}.Debug|Any CPU.Build.0 = Debug|Any CPU
		{5D35615A-1322-4375-B412-6C6023A6D2CD}.Debug|x64.ActiveCfg = Debug|Any CPU
		{5D35615A-1322-4375-B412-6C6023A6D2CD}.Debug|x64.Build.0 = Debug|Any CPU
		{5D35615A-1322-4375-B412-6C6023A6D2CD}.Debug|x86.ActiveCfg = Debug|Any CPU
		{5D35615A-1322-4375-B412-6C6023A6D2CD}.Debug|x86.Build.0 = Debug|Any CPU
		{5D35615A-1322-4375-B412-6C6023A6D2CD}.Release|Any CPU.ActiveCfg = Release|Any CPU
		{5D35615A-1322-4375-B412-6C6023A6D2CD}.Release|Any CPU.Build.0 = Release|Any CPU
		{5D35615A-1322-4375-B412-6C6023A6D2CD}.Release|x64.ActiveCfg = Release|Any CPU
		{5D35615A-1322-4375-B412-6C6023A6D2CD}.Release|x64.Build.0 = Release|Any CPU
		{5D35615A-1322-4375-B412-6C6023A6D2CD}.Release|x86.ActiveCfg = Release|Any CPU
		{5D35615A-1322-4375-B412-6C6023A6D2CD}.Release|x86.Build.0 = Release|Any CPU
		{11F35939-1D1F-4B37-9A20-1DFD13ED93E6}.Debug|Any CPU.ActiveCfg = Debug|Any CPU
		{11F35939-1D1F-4B37-9A20-1DFD13ED93E6}.Debug|Any CPU.Build.0 = Debug|Any CPU
		{11F35939-1D1F-4B37-9A20-1DFD13ED93E6}.Debug|x64.ActiveCfg = Debug|Any CPU
		{11F35939-1D1F-4B37-9A20-1DFD13ED93E6}.Debug|x64.Build.0 = Debug|Any CPU
		{11F35939-1D1F-4B37-9A20-1DFD13ED93E6}.Debug|x86.ActiveCfg = Debug|Any CPU
		{11F35939-1D1F-4B37-9A20-1DFD13ED93E6}.Debug|x86.Build.0 = Debug|Any CPU
		{11F35939-1D1F-4B37-9A20-1DFD13ED93E6}.Release|Any CPU.ActiveCfg = Release|Any CPU
		{11F35939-1D1F-4B37-9A20-1DFD13ED93E6}.Release|Any CPU.Build.0 = Release|Any CPU
		{11F35939-1D1F-4B37-9A20-1DFD13ED93E6}.Release|x64.ActiveCfg = Release|Any CPU
		{11F35939-1D1F-4B37-9A20-1DFD13ED93E6}.Release|x64.Build.0 = Release|Any CPU
		{11F35939-1D1F-4B37-9A20-1DFD13ED93E6}.Release|x86.ActiveCfg = Release|Any CPU
		{11F35939-1D1F-4B37-9A20-1DFD13ED93E6}.Release|x86.Build.0 = Release|Any CPU
		{5B5DFD21-3BF6-4897-A625-1DDF5E8A3FC2}.Debug|Any CPU.ActiveCfg = Debug|Any CPU
		{5B5DFD21-3BF6-4897-A625-1DDF5E8A3FC2}.Debug|Any CPU.Build.0 = Debug|Any CPU
		{5B5DFD21-3BF6-4897-A625-1DDF5E8A3FC2}.Debug|x64.ActiveCfg = Debug|Any CPU
		{5B5DFD21-3BF6-4897-A625-1DDF5E8A3FC2}.Debug|x64.Build.0 = Debug|Any CPU
		{5B5DFD21-3BF6-4897-A625-1DDF5E8A3FC2}.Debug|x86.ActiveCfg = Debug|Any CPU
		{5B5DFD21-3BF6-4897-A625-1DDF5E8A3FC2}.Debug|x86.Build.0 = Debug|Any CPU
		{5B5DFD21-3BF6-4897-A625-1DDF5E8A3FC2}.Release|Any CPU.ActiveCfg = Release|Any CPU
		{5B5DFD21-3BF6-4897-A625-1DDF5E8A3FC2}.Release|Any CPU.Build.0 = Release|Any CPU
		{5B5DFD21-3BF6-4897-A625-1DDF5E8A3FC2}.Release|x64.ActiveCfg = Release|Any CPU
		{5B5DFD21-3BF6-4897-A625-1DDF5E8A3FC2}.Release|x64.Build.0 = Release|Any CPU
		{5B5DFD21-3BF6-4897-A625-1DDF5E8A3FC2}.Release|x86.ActiveCfg = Release|Any CPU
		{5B5DFD21-3BF6-4897-A625-1DDF5E8A3FC2}.Release|x86.Build.0 = Release|Any CPU
	EndGlobalSection
EndGlobal
